
Microsoft Visual Studio Solution File, Format Version 12.00
# Visual Studio Version 16
VisualStudioVersion = 16.0.31911.196
MinimumVisualStudioVersion = 10.0.40219.1
Project("{FAE04EC0-301F-11D3-BF4B-00C04F79EFBC}") = "Test20.2.22", "Test20.2.22\Test20.2.22.csproj", "{44E76832-E5F4-4F67-820E-4034CF010E1D}"
EndProject
Global
	GlobalSection(SolutionConfigurationPlatforms) = preSolution
		Debug|Any CPU = Debug|Any CPU
		Release|Any CPU = Release|Any CPU
	EndGlobalSection
	GlobalSection(ProjectConfigurationPlatforms) = postSolution
		{44E76832-E5F4-4F67-820E-4034CF010E1D}.Debug|Any CPU.ActiveCfg = Debug|Any CPU
		{44E76832-E5F4-4F67-820E-4034CF010E1D}.Debug|Any CPU.Build.0 = Debug|Any CPU
		{44E76832-E5F4-4F67-820E-4034CF010E1D}.Release|Any CPU.ActiveCfg = Release|Any CPU
		{44E76832-E5F4-4F67-820E-4034CF010E1D}.Release|Any CPU.Build.0 = Release|Any CPU
	EndGlobalSection
	GlobalSection(SolutionProperties) = preSolution
		HideSolutionNode = FALSE
	EndGlobalSection
	GlobalSection(ExtensibilityGlobals) = postSolution
		SolutionGuid = {4A0BDA17-DC6B-4081-BF82-8334D256D3CB}
	EndGlobalSection
EndGlobal
